// !$*UTF8*$!
{
	archiveVersion = 1;
	classes = {
	};
	objectVersion = 48;
	objects = {

/* Begin PBXBuildFile section */
		9F0F18E11EF075FC00E1475E /* Inceptionv3.mlmodel in Sources */ = {isa = PBXBuildFile; fileRef = 9FEDE4F51EF000270075BC15 /* Inceptionv3.mlmodel */; };
		9F839ACA1EF068020090C904 /* AVCaptureDevice+Extension.swift in Sources */ = {isa = PBXBuildFile; fileRef = 9F839AC91EF068020090C904 /* AVCaptureDevice+Extension.swift */; };
		9F8E02511EEF2EFA00CCE533 /* AppDelegate.swift in Sources */ = {isa = PBXBuildFile; fileRef = 9F8E02501EEF2EFA00CCE533 /* AppDelegate.swift */; };
		9F8E02531EEF2EFA00CCE533 /* MLCameraViewController.swift in Sources */ = {isa = PBXBuildFile; fileRef = 9F8E02521EEF2EFA00CCE533 /* MLCameraViewController.swift */; };
		9F8E02561EEF2EFA00CCE533 /* Main.storyboard in Resources */ = {isa = PBXBuildFile; fileRef = 9F8E02541EEF2EFA00CCE533 /* Main.storyboard */; };
		9F8E02581EEF2EFA00CCE533 /* Assets.xcassets in Resources */ = {isa = PBXBuildFile; fileRef = 9F8E02571EEF2EFA00CCE533 /* Assets.xcassets */; };
		9F8E025B1EEF2EFA00CCE533 /* LaunchScreen.storyboard in Resources */ = {isa = PBXBuildFile; fileRef = 9F8E02591EEF2EFA00CCE533 /* LaunchScreen.storyboard */; };
		9F8E02631EEF2FE200CCE533 /* CameraPreviewView.swift in Sources */ = {isa = PBXBuildFile; fileRef = 9F8E02621EEF2FE200CCE533 /* CameraPreviewView.swift */; };
		9F97F1521EF00EBA0032A6A3 /* UIDevice+Extension.swift in Sources */ = {isa = PBXBuildFile; fileRef = 9F97F1511EF00EBA0032A6A3 /* UIDevice+Extension.swift */; };
		9FBCF3401EF031E000AF6698 /* ClassificationResultsViewController.swift in Sources */ = {isa = PBXBuildFile; fileRef = 9FBCF33F1EF031E000AF6698 /* ClassificationResultsViewController.swift */; };
/* End PBXBuildFile section */

/* Begin PBXFileReference section */
		9F5B67AB1EF082A900DDD0ED /* README.md */ = {isa = PBXFileReference; lastKnownFileType = net.daringfireball.markdown; path = README.md; sourceTree = "<group>"; };
		9F839AC91EF068020090C904 /* AVCaptureDevice+Extension.swift */ = {isa = PBXFileReference; lastKnownFileType = sourcecode.swift; path = "AVCaptureDevice+Extension.swift"; sourceTree = "<group>"; };
		9F8E024D1EEF2EFA00CCE533 /* MLCamera.app */ = {isa = PBXFileReference; explicitFileType = wrapper.application; includeInIndex = 0; path = MLCamera.app; sourceTree = BUILT_PRODUCTS_DIR; };
		9F8E02501EEF2EFA00CCE533 /* AppDelegate.swift */ = {isa = PBXFileReference; lastKnownFileType = sourcecode.swift; path = AppDelegate.swift; sourceTree = "<group>"; };
		9F8E02521EEF2EFA00CCE533 /* MLCameraViewController.swift */ = {isa = PBXFileReference; lastKnownFileType = sourcecode.swift; path = MLCameraViewController.swift; sourceTree = "<group>"; };
		9F8E02551EEF2EFA00CCE533 /* Base */ = {isa = PBXFileReference; lastKnownFileType = file.storyboard; name = Base; path = Base.lproj/Main.storyboard; sourceTree = "<group>"; };
		9F8E02571EEF2EFA00CCE533 /* Assets.xcassets */ = {isa = PBXFileReference; lastKnownFileType = folder.assetcatalog; path = Assets.xcassets; sourceTree = "<group>"; };
		9F8E025A1EEF2EFA00CCE533 /* Base */ = {isa = PBXFileReference; lastKnownFileType = file.storyboard; name = Base; path = Base.lproj/LaunchScreen.storyboard; sourceTree = "<group>"; };
		9F8E025C1EEF2EFA00CCE533 /* Info.plist */ = {isa = PBXFileReference; lastKnownFileType = text.plist.xml; path = Info.plist; sourceTree = "<group>"; };
		9F8E02621EEF2FE200CCE533 /* CameraPreviewView.swift */ = {isa = PBXFileReference; lastKnownFileType = sourcecode.swift; path = CameraPreviewView.swift; sourceTree = "<group>"; };
		9F97F1511EF00EBA0032A6A3 /* UIDevice+Extension.swift */ = {isa = PBXFileReference; lastKnownFileType = sourcecode.swift; path = "UIDevice+Extension.swift"; sourceTree = "<group>"; };
		9FBCF33F1EF031E000AF6698 /* ClassificationResultsViewController.swift */ = {isa = PBXFileReference; lastKnownFileType = sourcecode.swift; path = ClassificationResultsViewController.swift; sourceTree = "<group>"; };
		9FEDE4F51EF000270075BC15 /* Inceptionv3.mlmodel */ = {isa = PBXFileReference; lastKnownFileType = file.mlmodel; path = Inceptionv3.mlmodel; sourceTree = "<group>"; };
/* End PBXFileReference section */

/* Begin PBXFrameworksBuildPhase section */
		9F8E024A1EEF2EFA00CCE533 /* Frameworks */ = {
			isa = PBXFrameworksBuildPhase;
			buildActionMask = 2147483647;
			files = (
			);
			runOnlyForDeploymentPostprocessing = 0;
		};
/* End PBXFrameworksBuildPhase section */

/* Begin PBXGroup section */
		9F839ACB1EF0680F0090C904 /* Extensions */ = {
			isa = PBXGroup;
			children = (
				9F97F1511EF00EBA0032A6A3 /* UIDevice+Extension.swift */,
				9F839AC91EF068020090C904 /* AVCaptureDevice+Extension.swift */,
			);
			path = Extensions;
			sourceTree = "<group>";
		};
		9F8E02441EEF2EFA00CCE533 = {
			isa = PBXGroup;
			children = (
				9F5B67AB1EF082A900DDD0ED /* README.md */,
				9F8E024F1EEF2EFA00CCE533 /* MLCamera */,
				9F8E024E1EEF2EFA00CCE533 /* Products */,
			);
			sourceTree = "<group>";
		};
		9F8E024E1EEF2EFA00CCE533 /* Products */ = {
			isa = PBXGroup;
			children = (
				9F8E024D1EEF2EFA00CCE533 /* MLCamera.app */,
			);
			name = Products;
			sourceTree = "<group>";
		};
		9F8E024F1EEF2EFA00CCE533 /* MLCamera */ = {
			isa = PBXGroup;
			children = (
				9F8E02501EEF2EFA00CCE533 /* AppDelegate.swift */,
				9F8E02621EEF2FE200CCE533 /* CameraPreviewView.swift */,
				9F8E02521EEF2EFA00CCE533 /* MLCameraViewController.swift */,
				9FBCF33F1EF031E000AF6698 /* ClassificationResultsViewController.swift */,
				9F839ACB1EF0680F0090C904 /* Extensions */,
				9F8E02541EEF2EFA00CCE533 /* Main.storyboard */,
				9F8E02571EEF2EFA00CCE533 /* Assets.xcassets */,
				9F8E02591EEF2EFA00CCE533 /* LaunchScreen.storyboard */,
				9FEDE4F51EF000270075BC15 /* Inceptionv3.mlmodel */,
				9F8E025C1EEF2EFA00CCE533 /* Info.plist */,
			);
			path = MLCamera;
			sourceTree = "<group>";
		};
/* End PBXGroup section */

/* Begin PBXNativeTarget section */
		9F8E024C1EEF2EFA00CCE533 /* MLCamera */ = {
			isa = PBXNativeTarget;
			buildConfigurationList = 9F8E025F1EEF2EFA00CCE533 /* Build configuration list for PBXNativeTarget "MLCamera" */;
			buildPhases = (
				9F8E02491EEF2EFA00CCE533 /* Sources */,
				9F8E024A1EEF2EFA00CCE533 /* Frameworks */,
				9F8E024B1EEF2EFA00CCE533 /* Resources */,
			);
			buildRules = (
			);
			dependencies = (
			);
			name = MLCamera;
			productName = MLCamera;
			productReference = 9F8E024D1EEF2EFA00CCE533 /* MLCamera.app */;
			productType = "com.apple.product-type.application";
		};
/* End PBXNativeTarget section */

/* Begin PBXProject section */
		9F8E02451EEF2EFA00CCE533 /* Project object */ = {
			isa = PBXProject;
			attributes = {
				LastSwiftUpdateCheck = 0900;
				LastUpgradeCheck = 0900;
				ORGANIZATIONNAME = "stringCode ltd";
				TargetAttributes = {
					9F8E024C1EEF2EFA00CCE533 = {
						CreatedOnToolsVersion = 9.0;
					};
				};
			};
			buildConfigurationList = 9F8E02481EEF2EFA00CCE533 /* Build configuration list for PBXProject "MLCamera" */;
			compatibilityVersion = "Xcode 8.0";
			developmentRegion = en;
			hasScannedForEncodings = 0;
			knownRegions = (
				en,
				Base,
			);
			mainGroup = 9F8E02441EEF2EFA00CCE533;
			productRefGroup = 9F8E024E1EEF2EFA00CCE533 /* Products */;
			projectDirPath = "";
			projectRoot = "";
			targets = (
				9F8E024C1EEF2EFA00CCE533 /* MLCamera */,
			);
		};
/* End PBXProject section */

/* Begin PBXResourcesBuildPhase section */
		9F8E024B1EEF2EFA00CCE533 /* Resources */ = {
			isa = PBXResourcesBuildPhase;
			buildActionMask = 2147483647;
			files = (
				9F8E025B1EEF2EFA00CCE533 /* LaunchScreen.storyboard in Resources */,
				9F8E02581EEF2EFA00CCE533 /* Assets.xcassets in Resources */,
				9F8E02561EEF2EFA00CCE533 /* Main.storyboard in Resources */,
			);
			runOnlyForDeploymentPostprocessing = 0;
		};
/* End PBXResourcesBuildPhase section */

/* Begin PBXSourcesBuildPhase section */
		9F8E02491EEF2EFA00CCE533 /* Sources */ = {
			isa = PBXSourcesBuildPhase;
			buildActionMask = 2147483647;
			files = (
				9F8E02531EEF2EFA00CCE533 /* MLCameraViewController.swift in Sources */,
				9F8E02631EEF2FE200CCE533 /* CameraPreviewView.swift in Sources */,
				9FBCF3401EF031E000AF6698 /* ClassificationResultsViewController.swift in Sources */,
				9F839ACA1EF068020090C904 /* AVCaptureDevice+Extension.swift in Sources */,
				9F97F1521EF00EBA0032A6A3 /* UIDevice+Extension.swift in Sources */,
				9F8E02511EEF2EFA00CCE533 /* AppDelegate.swift in Sources */,
				9F0F18E11EF075FC00E1475E /* Inceptionv3.mlmodel in Sources */,
			);
			runOnlyForDeploymentPostprocessing = 0;
		};
/* End PBXSourcesBuildPhase section */

/* Begin PBXVariantGroup section */
		9F8E02541EEF2EFA00CCE533 /* Main.storyboard */ = {
			isa = PBXVariantGroup;
			children = (
				9F8E02551EEF2EFA00CCE533 /* Base */,
			);
			name = Main.storyboard;
			sourceTree = "<group>";
		};
		9F8E02591EEF2EFA00CCE533 /* LaunchScreen.storyboard */ = {
			isa = PBXVariantGroup;
			children = (
				9F8E025A1EEF2EFA00CCE533 /* Base */,
			);
			name = LaunchScreen.storyboard;
			sourceTree = "<group>";
		};
/* End PBXVariantGroup section */

/* Begin XCBuildConfiguration section */
		9F8E025D1EEF2EFA00CCE533 /* Debug */ = {
			isa = XCBuildConfiguration;
			buildSettings = {
				ALWAYS_SEARCH_USER_PATHS = NO;
				CLANG_ANALYZER_NONNULL = YES;
				CLANG_ANALYZER_NUMBER_OBJECT_CONVERSION = YES_AGGRESSIVE;
				CLANG_CXX_LANGUAGE_STANDARD = "gnu++14";
				CLANG_CXX_LIBRARY = "libc++";
				CLANG_ENABLE_MODULES = YES;
				CLANG_ENABLE_OBJC_ARC = YES;
				CLANG_WARN_BLOCK_CAPTURE_AUTORELEASING = YES;
				CLANG_WARN_BOOL_CONVERSION = YES;
				CLANG_WARN_COMMA = YES;
				CLANG_WARN_CONSTANT_CONVERSION = YES;
				CLANG_WARN_DIRECT_OBJC_ISA_USAGE = YES_ERROR;
				CLANG_WARN_DOCUMENTATION_COMMENTS = YES;
				CLANG_WARN_EMPTY_BODY = YES;
				CLANG_WARN_ENUM_CONVERSION = YES;
				CLANG_WARN_INFINITE_RECURSION = YES;
				CLANG_WARN_INT_CONVERSION = YES;
				CLANG_WARN_OBJC_ROOT_CLASS = YES_ERROR;
				CLANG_WARN_RANGE_LOOP_ANALYSIS = YES;
				CLANG_WARN_STRICT_PROTOTYPES = YES;
				CLANG_WARN_SUSPICIOUS_MOVE = YES;
				CLANG_WARN_UNGUARDED_AVAILABILITY = YES_AGGRESSIVE;
				CLANG_WARN_UNREACHABLE_CODE = YES;
				CLANG_WARN__DUPLICATE_METHOD_MATCH = YES;
				CODE_SIGN_IDENTITY = "iPhone Developer";
				COPY_PHASE_STRIP = NO;
				DEBUG_INFORMATION_FORMAT = dwarf;
				ENABLE_STRICT_OBJC_MSGSEND = YES;
				ENABLE_TESTABILITY = YES;
				GCC_C_LANGUAGE_STANDARD = gnu11;
				GCC_DYNAMIC_NO_PIC = NO;
				GCC_NO_COMMON_BLOCKS = YES;
				GCC_OPTIMIZATION_LEVEL = 0;
				GCC_PREPROCESSOR_DEFINITIONS = (
					"DEBUG=1",
					"$(inherited)",
				);
				GCC_WARN_64_TO_32_BIT_CONVERSION = YES;
				GCC_WARN_ABOUT_RETURN_TYPE = YES_ERROR;
				GCC_WARN_UNDECLARED_SELECTOR = YES;
				GCC_WARN_UNINITIALIZED_AUTOS = YES_AGGRESSIVE;
				GCC_WARN_UNUSED_FUNCTION = YES;
				GCC_WARN_UNUSED_VARIABLE = YES;
				IPHONEOS_DEPLOYMENT_TARGET = 11.0;
				MTL_ENABLE_DEBUG_INFO = YES;
				ONLY_ACTIVE_ARCH = YES;
				SDKROOT = iphoneos;
				SWIFT_ACTIVE_COMPILATION_CONDITIONS = DEBUG;
				SWIFT_OPTIMIZATION_LEVEL = "-Onone";
			};
			name = Debug;
		};
		9F8E025E1EEF2EFA00CCE533 /* Release */ = {
			isa = XCBuildConfiguration;
			buildSettings = {
				ALWAYS_SEARCH_USER_PATHS = NO;
				CLANG_ANALYZER_NONNULL = YES;
				CLANG_ANALYZER_NUMBER_OBJECT_CONVERSION = YES_AGGRESSIVE;
				CLANG_CXX_LANGUAGE_STANDARD = "gnu++14";
				CLANG_CXX_LIBRARY = "libc++";
				CLANG_ENABLE_MODULES = YES;
				CLANG_ENABLE_OBJC_ARC = YES;
				CLANG_WARN_BLOCK_CAPTURE_AUTORELEASING = YES;
				CLANG_WARN_BOOL_CONVERSION = YES;
				CLANG_WARN_COMMA = YES;
				CLANG_WARN_CONSTANT_CONVERSION = YES;
				CLANG_WARN_DIRECT_OBJC_ISA_USAGE = YES_ERROR;
				CLANG_WARN_DOCUMENTATION_COMMENTS = YES;
				CLANG_WARN_EMPTY_BODY = YES;
				CLANG_WARN_ENUM_CONVERSION = YES;
				CLANG_WARN_INFINITE_RECURSION = YES;
				CLANG_WARN_INT_CONVERSION = YES;
				CLANG_WARN_OBJC_ROOT_CLASS = YES_ERROR;
				CLANG_WARN_RANGE_LOOP_ANALYSIS = YES;
				CLANG_WARN_STRICT_PROTOTYPES = YES;
				CLANG_WARN_SUSPICIOUS_MOVE = YES;
				CLANG_WARN_UNGUARDED_AVAILABILITY = YES_AGGRESSIVE;
				CLANG_WARN_UNREACHABLE_CODE = YES;
				CLANG_WARN__DUPLICATE_METHOD_MATCH = YES;
				CODE_SIGN_IDENTITY = "iPhone Developer";
				COPY_PHASE_STRIP = NO;
				DEBUG_INFORMATION_FORMAT = "dwarf-with-dsym";
				ENABLE_NS_ASSERTIONS = NO;
				ENABLE_STRICT_OBJC_MSGSEND = YES;
				GCC_C_LANGUAGE_STANDARD = gnu11;
				GCC_NO_COMMON_BLOCKS = YES;
				GCC_WARN_64_TO_32_BIT_CONVERSION = YES;
				GCC_WARN_ABOUT_RETURN_TYPE = YES_ERROR;
				GCC_WARN_UNDECLARED_SELECTOR = YES;
				GCC_WARN_UNINITIALIZED_AUTOS = YES_AGGRESSIVE;
				GCC_WARN_UNUSED_FUNCTION = YES;
				GCC_WARN_UNUSED_VARIABLE = YES;
				IPHONEOS_DEPLOYMENT_TARGET = 11.0;
				MTL_ENABLE_DEBUG_INFO = NO;
				SDKROOT = iphoneos;
				SWIFT_OPTIMIZATION_LEVEL = "-Owholemodule";
				VALIDATE_PRODUCT = YES;
			};
			name = Release;
		};
		9F8E02601EEF2EFA00CCE533 /* Debug */ = {
			isa = XCBuildConfiguration;
			buildSettings = {
				ASSETCATALOG_COMPILER_APPICON_NAME = AppIcon;
				DEVELOPMENT_TEAM = JXRDDKQ33V;
				INFOPLIST_FILE = MLCamera/Info.plist;
				LD_RUNPATH_SEARCH_PATHS = "$(inherited) @executable_path/Frameworks";
				PRODUCT_BUNDLE_IDENTIFIER = uk.co.stringcode.MLCamera;
				PRODUCT_NAME = "$(TARGET_NAME)";
				SWIFT_VERSION = 4.0;
				TARGETED_DEVICE_FAMILY = "1,2";
			};
			name = Debug;
		};
		9F8E02611EEF2EFA00CCE533 /* Release */ = {
			isa = XCBuildConfiguration;
			buildSettings = {
				ASSETCATALOG_COMPILER_APPICON_NAME = AppIcon;
				DEVELOPMENT_TEAM = JXRDDKQ33V;
				INFOPLIST_FILE = MLCamera/Info.plist;
				LD_RUNPATH_SEARCH_PATHS = "$(inherited) @executable_path/Frameworks";
				PRODUCT_BUNDLE_IDENTIFIER = uk.co.stringcode.MLCamera;
				PRODUCT_NAME = "$(TARGET_NAME)";
				SWIFT_VERSION = 4.0;
				TARGETED_DEVICE_FAMILY = "1,2";
			};
			name = Release;
		};
/* End XCBuildConfiguration section */

/* Begin XCConfigurationList section */
		9F8E02481EEF2EFA00CCE533 /* Build configuration list for PBXProject "MLCamera" */ = {
			isa = XCConfigurationList;
			buildConfigurations = (
				9F8E025D1EEF2EFA00CCE533 /* Debug */,
				9F8E025E1EEF2EFA00CCE533 /* Release */,
			);
			defaultConfigurationIsVisible = 0;
			defaultConfigurationName = Release;
		};
		9F8E025F1EEF2EFA00CCE533 /* Build configuration list for PBXNativeTarget "MLCamera" */ = {
			isa = XCConfigurationList;
			buildConfigurations = (
				9F8E02601EEF2EFA00CCE533 /* Debug */,
				9F8E02611EEF2EFA00CCE533 /* Release */,
			);
			defaultConfigurationIsVisible = 0;
			defaultConfigurationName = Release;
		};
/* End XCConfigurationList section */
	};
	rootObject = 9F8E02451EEF2EFA00CCE533 /* Project object */;
}
